
Microsoft Visual Studio Solution File, Format Version 12.00
# Visual Studio Version 16
VisualStudioVersion = 16.0.29102.190
MinimumVisualStudioVersion = 10.0.40219.1
Project("{FAE04EC0-301F-11D3-BF4B-00C04F79EFBC}") = "ClownScript", "ClownScript\ClownScript.csproj", "{5EC8C534-BD04-4D96-BAE7-A7C6D840226F}"
EndProject
Project("{FAE04EC0-301F-11D3-BF4B-00C04F79EFBC}") = "ActivityGen", "ActivityGen\ActivityGen.csproj", "{F53DEF0F-25A2-4C2A-AD3F-740ECF1CE285}"
EndProject
Project("{9A19103F-16F7-4668-BE54-9A1E7A4F7556}") = "Common", "Common\Common.csproj", "{819D9C37-CF83-4041-9D64-C1D062FCA1A2}"
EndProject
Project("{9A19103F-16F7-4668-BE54-9A1E7A4F7556}") = "ClownClubServer", "ClownAIOServer\ClownClubServer.csproj", "{FC102A8F-B119-4710-B1EA-F3A43A582800}"
EndProject
Project("{9A19103F-16F7-4668-BE54-9A1E7A4F7556}") = "ClownAIOBot", "ClownAIOClient\ClownAIOBot.csproj", "{B74CF5BA-2F52-4369-AD9A-2133CEC8B5B0}"
EndProject
Project("{9A19103F-16F7-4668-BE54-9A1E7A4F7556}") = "Supreme", "SupremeUs\Supreme.csproj", "{565BBD80-BC74-407B-ADA3-3845E148300B}"
EndProject
Project("{9A19103F-16F7-4668-BE54-9A1E7A4F7556}") = "Shopify", "Shopify\Shopify.csproj", "{4F315B2A-6D6E-4C23-A84F-1E7E4FE9D80A}"
EndProject
Project("{9A19103F-16F7-4668-BE54-9A1E7A4F7556}") = "TestApp", "TestApp\TestApp.csproj", "{59795B77-B67E-4716-954E-0BF0C9B24668}"
EndProject
Project("{FAE04EC0-301F-11D3-BF4B-00C04F79EFBC}") = "RobComeBackPlease", "RobComeBackPlease\RobComeBackPlease.csproj", "{DB70C6F8-6AB5-437B-8E0C-8EF89A93D433}"
EndProject
Global
	GlobalSection(SolutionConfigurationPlatforms) = preSolution
		Debug|Any CPU = Debug|Any CPU
		Debug|x64 = Debug|x64
		Release|Any CPU = Release|Any CPU
		Release|x64 = Release|x64
		ReleaseOther|Any CPU = ReleaseOther|Any CPU
		ReleaseOther|x64 = ReleaseOther|x64
		ReleaseWindows|Any CPU = ReleaseWindows|Any CPU
		ReleaseWindows|x64 = ReleaseWindows|x64
	EndGlobalSection
	GlobalSection(ProjectConfigurationPlatforms) = postSolution
		{5EC8C534-BD04-4D96-BAE7-A7C6D840226F}.Debug|Any CPU.ActiveCfg = Debug|Any CPU
		{5EC8C534-BD04-4D96-BAE7-A7C6D840226F}.Debug|Any CPU.Build.0 = Debug|Any CPU
		{5EC8C534-BD04-4D96-BAE7-A7C6D840226F}.Debug|x64.ActiveCfg = Debug|x64
		{5EC8C534-BD04-4D96-BAE7-A7C6D840226F}.Debug|x64.Build.0 = Debug|x64
		{5EC8C534-BD04-4D96-BAE7-A7C6D840226F}.Release|Any CPU.ActiveCfg = Release|Any CPU
		{5EC8C534-BD04-4D96-BAE7-A7C6D840226F}.Release|Any CPU.Build.0 = Release|Any CPU
		{5EC8C534-BD04-4D96-BAE7-A7C6D840226F}.Release|x64.ActiveCfg = Release|x64
		{5EC8C534-BD04-4D96-BAE7-A7C6D840226F}.Release|x64.Build.0 = Release|x64
		{5EC8C534-BD04-4D96-BAE7-A7C6D840226F}.ReleaseOther|Any CPU.ActiveCfg = ReleaseOther|Any CPU
		{5EC8C534-BD04-4D96-BAE7-A7C6D840226F}.ReleaseOther|Any CPU.Build.0 = ReleaseOther|Any CPU
		{5EC8C534-BD04-4D96-BAE7-A7C6D840226F}.ReleaseOther|x64.ActiveCfg = ReleaseOther|x64
		{5EC8C534-BD04-4D96-BAE7-A7C6D840226F}.ReleaseOther|x64.Build.0 = ReleaseOther|x64
		{5EC8C534-BD04-4D96-BAE7-A7C6D840226F}.ReleaseWindows|Any CPU.ActiveCfg = ReleaseWindows|Any CPU
		{5EC8C534-BD04-4D96-BAE7-A7C6D840226F}.ReleaseWindows|Any CPU.Build.0 = ReleaseWindows|Any CPU
		{5EC8C534-BD04-4D96-BAE7-A7C6D840226F}.ReleaseWindows|x64.ActiveCfg = ReleaseWindows|x64
		{5EC8C534-BD04-4D96-BAE7-A7C6D840226F}.ReleaseWindows|x64.Build.0 = ReleaseWindows|x64
		{F53DEF0F-25A2-4C2A-AD3F-740ECF1CE285}.Debug|Any CPU.ActiveCfg = Debug|Any CPU
		{F53DEF0F-25A2-4C2A-AD3F-740ECF1CE285}.Debug|Any CPU.Build.0 = Debug|Any CPU
		{F53DEF0F-25A2-4C2A-AD3F-740ECF1CE285}.Debug|x64.ActiveCfg = Debug|x64
		{F53DEF0F-25A2-4C2A-AD3F-740ECF1CE285}.Debug|x64.Build.0 = Debug|x64
		{F53DEF0F-25A2-4C2A-AD3F-740ECF1CE285}.Release|Any CPU.ActiveCfg = Release|Any CPU
		{F53DEF0F-25A2-4C2A-AD3F-740ECF1CE285}.Release|Any CPU.Build.0 = Release|Any CPU
		{F53DEF0F-25A2-4C2A-AD3F-740ECF1CE285}.Release|x64.ActiveCfg = Release|x64
		{F53DEF0F-25A2-4C2A-AD3F-740ECF1CE285}.Release|x64.Build.0 = Release|x64
		{F53DEF0F-25A2-4C2A-AD3F-740ECF1CE285}.ReleaseOther|Any CPU.ActiveCfg = ReleaseOther|Any CPU
		{F53DEF0F-25A2-4C2A-AD3F-740ECF1CE285}.ReleaseOther|Any CPU.Build.0 = ReleaseOther|Any CPU
		{F53DEF0F-25A2-4C2A-AD3F-740ECF1CE285}.ReleaseOther|x64.ActiveCfg = ReleaseOther|x64
		{F53DEF0F-25A2-4C2A-AD3F-740ECF1CE285}.ReleaseOther|x64.Build.0 = ReleaseOther|x64
		{F53DEF0F-25A2-4C2A-AD3F-740ECF1CE285}.ReleaseWindows|Any CPU.ActiveCfg = ReleaseWindows|Any CPU
		{F53DEF0F-25A2-4C2A-AD3F-740ECF1CE285}.ReleaseWindows|Any CPU.Build.0 = ReleaseWindows|Any CPU
		{F53DEF0F-25A2-4C2A-AD3F-740ECF1CE285}.ReleaseWindows|x64.ActiveCfg = ReleaseWindows|x64
		{F53DEF0F-25A2-4C2A-AD3F-740ECF1CE285}.ReleaseWindows|x64.Build.0 = ReleaseWindows|x64
		{819D9C37-CF83-4041-9D64-C1D062FCA1A2}.Debug|Any CPU.ActiveCfg = Debug|Any CPU
		{819D9C37-CF83-4041-9D64-C1D062FCA1A2}.Debug|Any CPU.Build.0 = Debug|Any CPU
		{819D9C37-CF83-4041-9D64-C1D062FCA1A2}.Debug|x64.ActiveCfg = Debug|x64
		{819D9C37-CF83-4041-9D64-C1D062FCA1A2}.Debug|x64.Build.0 = Debug|x64
		{819D9C37-CF83-4041-9D64-C1D062FCA1A2}.Release|Any CPU.ActiveCfg = Release|Any CPU
		{819D9C37-CF83-4041-9D64-C1D062FCA1A2}.Release|Any CPU.Build.0 = Release|Any CPU
		{819D9C37-CF83-4041-9D64-C1D062FCA1A2}.Release|x64.ActiveCfg = Release|x64
		{819D9C37-CF83-4041-9D64-C1D062FCA1A2}.Release|x64.Build.0 = Release|x64
		{819D9C37-CF83-4041-9D64-C1D062FCA1A2}.ReleaseOther|Any CPU.ActiveCfg = ReleaseOther|Any CPU
		{819D9C37-CF83-4041-9D64-C1D062FCA1A2}.ReleaseOther|Any CPU.Build.0 = ReleaseOther|Any CPU
		{819D9C37-CF83-4041-9D64-C1D062FCA1A2}.ReleaseOther|x64.ActiveCfg = ReleaseOther|x64
		{819D9C37-CF83-4041-9D64-C1D062FCA1A2}.ReleaseOther|x64.Build.0 = ReleaseOther|x64
		{819D9C37-CF83-4041-9D64-C1D062FCA1A2}.ReleaseWindows|Any CPU.ActiveCfg = ReleaseWindows|Any CPU
		{819D9C37-CF83-4041-9D64-C1D062FCA1A2}.ReleaseWindows|Any CPU.Build.0 = ReleaseWindows|Any CPU
		{819D9C37-CF83-4041-9D64-C1D062FCA1A2}.ReleaseWindows|x64.ActiveCfg = ReleaseWindows|x64
		{819D9C37-CF83-4041-9D64-C1D062FCA1A2}.ReleaseWindows|x64.Build.0 = ReleaseWindows|x64
		{FC102A8F-B119-4710-B1EA-F3A43A582800}.Debug|Any CPU.ActiveCfg = Debug|Any CPU
		{FC102A8F-B119-4710-B1EA-F3A43A582800}.Debug|Any CPU.Build.0 = Debug|Any CPU
		{FC102A8F-B119-4710-B1EA-F3A43A582800}.Debug|x64.ActiveCfg = Debug|x64
		{FC102A8F-B119-4710-B1EA-F3A43A582800}.Debug|x64.Build.0 = Debug|x64
		{FC102A8F-B119-4710-B1EA-F3A43A582800}.Release|Any CPU.ActiveCfg = Release|Any CPU
		{FC102A8F-B119-4710-B1EA-F3A43A582800}.Release|Any CPU.Build.0 = Release|Any CPU
		{FC102A8F-B119-4710-B1EA-F3A43A582800}.Release|x64.ActiveCfg = Release|x64
		{FC102A8F-B119-4710-B1EA-F3A43A582800}.Release|x64.Build.0 = Release|x64
		{FC102A8F-B119-4710-B1EA-F3A43A582800}.ReleaseOther|Any CPU.ActiveCfg = ReleaseOther|Any CPU
		{FC102A8F-B119-4710-B1EA-F3A43A582800}.ReleaseOther|Any CPU.Build.0 = ReleaseOther|Any CPU
		{FC102A8F-B119-4710-B1EA-F3A43A582800}.ReleaseOther|x64.ActiveCfg = ReleaseOther|x64
		{FC102A8F-B119-4710-B1EA-F3A43A582800}.ReleaseOther|x64.Build.0 = ReleaseOther|x64
		{FC102A8F-B119-4710-B1EA-F3A43A582800}.ReleaseWindows|Any CPU.ActiveCfg = ReleaseWindows|Any CPU
		{FC102A8F-B119-4710-B1EA-F3A43A582800}.ReleaseWindows|Any CPU.Build.0 = ReleaseWindows|Any CPU
		{FC102A8F-B119-4710-B1EA-F3A43A582800}.ReleaseWindows|x64.ActiveCfg = ReleaseWindows|x64
		{FC102A8F-B119-4710-B1EA-F3A43A582800}.ReleaseWindows|x64.Build.0 = ReleaseWindows|x64
		{B74CF5BA-2F52-4369-AD9A-2133CEC8B5B0}.Debug|Any CPU.ActiveCfg = Debug|Any CPU
		{B74CF5BA-2F52-4369-AD9A-2133CEC8B5B0}.Debug|Any CPU.Build.0 = Debug|Any CPU
		{B74CF5BA-2F52-4369-AD9A-2133CEC8B5B0}.Debug|x64.ActiveCfg = Debug|x64
		{B74CF5BA-2F52-4369-AD9A-2133CEC8B5B0}.Debug|x64.Build.0 = Debug|x64
		{B74CF5BA-2F52-4369-AD9A-2133CEC8B5B0}.Release|Any CPU.ActiveCfg = Release|Any CPU
		{B74CF5BA-2F52-4369-AD9A-2133CEC8B5B0}.Release|Any CPU.Build.0 = Release|Any CPU
		{B74CF5BA-2F52-4369-AD9A-2133CEC8B5B0}.Release|x64.ActiveCfg = Release|x64
		{B74CF5BA-2F52-4369-AD9A-2133CEC8B5B0}.Release|x64.Build.0 = Release|x64
		{B74CF5BA-2F52-4369-AD9A-2133CEC8B5B0}.ReleaseOther|Any CPU.ActiveCfg = ReleaseOther|Any CPU
		{B74CF5BA-2F52-4369-AD9A-2133CEC8B5B0}.ReleaseOther|Any CPU.Build.0 = ReleaseOther|Any CPU
		{B74CF5BA-2F52-4369-AD9A-2133CEC8B5B0}.ReleaseOther|x64.ActiveCfg = ReleaseOther|x64
		{B74CF5BA-2F52-4369-AD9A-2133CEC8B5B0}.ReleaseOther|x64.Build.0 = ReleaseOther|x64
		{B74CF5BA-2F52-4369-AD9A-2133CEC8B5B0}.ReleaseWindows|Any CPU.ActiveCfg = ReleaseWindows|Any CPU
		{B74CF5BA-2F52-4369-AD9A-2133CEC8B5B0}.ReleaseWindows|Any CPU.Build.0 = ReleaseWindows|Any CPU
		{B74CF5BA-2F52-4369-AD9A-2133CEC8B5B0}.ReleaseWindows|x64.ActiveCfg = ReleaseWindows|x64
		{B74CF5BA-2F52-4369-AD9A-2133CEC8B5B0}.ReleaseWindows|x64.Build.0 = ReleaseWindows|x64
		{565BBD80-BC74-407B-ADA3-3845E148300B}.Debug|Any CPU.ActiveCfg = Debug|Any CPU
		{565BBD80-BC74-407B-ADA3-3845E148300B}.Debug|Any CPU.Build.0 = Debug|Any CPU
		{565BBD80-BC74-407B-ADA3-3845E148300B}.Debug|x64.ActiveCfg = Debug|x64
		{565BBD80-BC74-407B-ADA3-3845E148300B}.Debug|x64.Build.0 = Debug|x64
		{565BBD80-BC74-407B-ADA3-3845E148300B}.Release|Any CPU.ActiveCfg = Release|Any CPU
		{565BBD80-BC74-407B-ADA3-3845E148300B}.Release|Any CPU.Build.0 = Release|Any CPU
		{565BBD80-BC74-407B-ADA3-3845E148300B}.Release|x64.ActiveCfg = Release|x64
		{565BBD80-BC74-407B-ADA3-3845E148300B}.Release|x64.Build.0 = Release|x64
		{565BBD80-BC74-407B-ADA3-3845E148300B}.ReleaseOther|Any CPU.ActiveCfg = ReleaseOther|Any CPU
		{565BBD80-BC74-407B-ADA3-3845E148300B}.ReleaseOther|Any CPU.Build.0 = ReleaseOther|Any CPU
		{565BBD80-BC74-407B-ADA3-3845E148300B}.ReleaseOther|x64.ActiveCfg = ReleaseOther|x64
		{565BBD80-BC74-407B-ADA3-3845E148300B}.ReleaseOther|x64.Build.0 = ReleaseOther|x64
		{565BBD80-BC74-407B-ADA3-3845E148300B}.ReleaseWindows|Any CPU.ActiveCfg = ReleaseWindows|Any CPU
		{565BBD80-BC74-407B-ADA3-3845E148300B}.ReleaseWindows|Any CPU.Build.0 = ReleaseWindows|Any CPU
		{565BBD80-BC74-407B-ADA3-3845E148300B}.ReleaseWindows|x64.ActiveCfg = ReleaseWindows|x64
		{565BBD80-BC74-407B-ADA3-3845E148300B}.ReleaseWindows|x64.Build.0 = ReleaseWindows|x64
		{4F315B2A-6D6E-4C23-A84F-1E7E4FE9D80A}.Debug|Any CPU.ActiveCfg = Debug|Any CPU
		{4F315B2A-6D6E-4C23-A84F-1E7E4FE9D80A}.Debug|Any CPU.Build.0 = Debug|Any CPU
		{4F315B2A-6D6E-4C23-A84F-1E7E4FE9D80A}.Debug|x64.ActiveCfg = Debug|x64
		{4F315B2A-6D6E-4C23-A84F-1E7E4FE9D80A}.Debug|x64.Build.0 = Debug|x64
		{4F315B2A-6D6E-4C23-A84F-1E7E4FE9D80A}.Release|Any CPU.ActiveCfg = Release|Any CPU
		{4F315B2A-6D6E-4C23-A84F-1E7E4FE9D80A}.Release|Any CPU.Build.0 = Release|Any CPU
		{4F315B2A-6D6E-4C23-A84F-1E7E4FE9D80A}.Release|x64.ActiveCfg = Release|x64
		{4F315B2A-6D6E-4C23-A84F-1E7E4FE9D80A}.Release|x64.Build.0 = Release|x64
		{4F315B2A-6D6E-4C23-A84F-1E7E4FE9D80A}.ReleaseOther|Any CPU.ActiveCfg = Release|Any CPU
		{4F315B2A-6D6E-4C23-A84F-1E7E4FE9D80A}.ReleaseOther|Any CPU.Build.0 = Release|Any CPU
		{4F315B2A-6D6E-4C23-A84F-1E7E4FE9D80A}.ReleaseOther|x64.ActiveCfg = Release|x64
		{4F315B2A-6D6E-4C23-A84F-1E7E4FE9D80A}.ReleaseOther|x64.Build.0 = Release|x64
		{4F315B2A-6D6E-4C23-A84F-1E7E4FE9D80A}.ReleaseWindows|Any CPU.ActiveCfg = Release|Any CPU
		{4F315B2A-6D6E-4C23-A84F-1E7E4FE9D80A}.ReleaseWindows|Any CPU.Build.0 = Release|Any CPU
		{4F315B2A-6D6E-4C23-A84F-1E7E4FE9D80A}.ReleaseWindows|x64.ActiveCfg = Release|x64
		{4F315B2A-6D6E-4C23-A84F-1E7E4FE9D80A}.ReleaseWindows|x64.Build.0 = Release|x64
		{59795B77-B67E-4716-954E-0BF0C9B24668}.Debug|Any CPU.ActiveCfg = Debug|Any CPU
		{59795B77-B67E-4716-954E-0BF0C9B24668}.Debug|Any CPU.Build.0 = Debug|Any CPU
		{59795B77-B67E-4716-954E-0BF0C9B24668}.Debug|x64.ActiveCfg = Debug|x64
		{59795B77-B67E-4716-954E-0BF0C9B24668}.Debug|x64.Build.0 = Debug|x64
		{59795B77-B67E-4716-954E-0BF0C9B24668}.Release|Any CPU.ActiveCfg = Release|Any CPU
		{59795B77-B67E-4716-954E-0BF0C9B24668}.Release|Any CPU.Build.0 = Release|Any CPU
		{59795B77-B67E-4716-954E-0BF0C9B24668}.Release|x64.ActiveCfg = Release|x64
		{59795B77-B67E-4716-954E-0BF0C9B24668}.Release|x64.Build.0 = Release|x64
		{59795B77-B67E-4716-954E-0BF0C9B24668}.ReleaseOther|Any CPU.ActiveCfg = Release|Any CPU
		{59795B77-B67E-4716-954E-0BF0C9B24668}.ReleaseOther|Any CPU.Build.0 = Release|Any CPU
		{59795B77-B67E-4716-954E-0BF0C9B24668}.ReleaseOther|x64.ActiveCfg = Release|x64
		{59795B77-B67E-4716-954E-0BF0C9B24668}.ReleaseOther|x64.Build.0 = Release|x64
		{59795B77-B67E-4716-954E-0BF0C9B24668}.ReleaseWindows|Any CPU.ActiveCfg = Release|Any CPU
		{59795B77-B67E-4716-954E-0BF0C9B24668}.ReleaseWindows|Any CPU.Build.0 = Release|Any CPU
		{59795B77-B67E-4716-954E-0BF0C9B24668}.ReleaseWindows|x64.ActiveCfg = Release|x64
		{59795B77-B67E-4716-954E-0BF0C9B24668}.ReleaseWindows|x64.Build.0 = Release|x64
		{DB70C6F8-6AB5-437B-8E0C-8EF89A93D433}.Debug|Any CPU.ActiveCfg = Debug|Any CPU
		{DB70C6F8-6AB5-437B-8E0C-8EF89A93D433}.Debug|Any CPU.Build.0 = Debug|Any CPU
		{DB70C6F8-6AB5-437B-8E0C-8EF89A93D433}.Debug|x64.ActiveCfg = Debug|Any CPU
		{DB70C6F8-6AB5-437B-8E0C-8EF89A93D433}.Debug|x64.Build.0 = Debug|Any CPU
		{DB70C6F8-6AB5-437B-8E0C-8EF89A93D433}.Release|Any CPU.ActiveCfg = Release|Any CPU
		{DB70C6F8-6AB5-437B-8E0C-8EF89A93D433}.Release|Any CPU.Build.0 = Release|Any CPU
		{DB70C6F8-6AB5-437B-8E0C-8EF89A93D433}.Release|x64.ActiveCfg = Release|Any CPU
		{DB70C6F8-6AB5-437B-8E0C-8EF89A93D433}.Release|x64.Build.0 = Release|Any CPU
		{DB70C6F8-6AB5-437B-8E0C-8EF89A93D433}.ReleaseOther|Any CPU.ActiveCfg = Release|Any CPU
		{DB70C6F8-6AB5-437B-8E0C-8EF89A93D433}.ReleaseOther|Any CPU.Build.0 = Release|Any CPU
		{DB70C6F8-6AB5-437B-8E0C-8EF89A93D433}.ReleaseOther|x64.ActiveCfg = Release|Any CPU
		{DB70C6F8-6AB5-437B-8E0C-8EF89A93D433}.ReleaseOther|x64.Build.0 = Release|Any CPU
		{DB70C6F8-6AB5-437B-8E0C-8EF89A93D433}.ReleaseWindows|Any CPU.ActiveCfg = Release|Any CPU
		{DB70C6F8-6AB5-437B-8E0C-8EF89A93D433}.ReleaseWindows|Any CPU.Build.0 = Release|Any CPU
		{DB70C6F8-6AB5-437B-8E0C-8EF89A93D433}.ReleaseWindows|x64.ActiveCfg = Release|Any CPU
		{DB70C6F8-6AB5-437B-8E0C-8EF89A93D433}.ReleaseWindows|x64.Build.0 = Release|Any CPU
	EndGlobalSection
	GlobalSection(SolutionProperties) = preSolution
		HideSolutionNode = FALSE
	EndGlobalSection
	GlobalSection(ExtensibilityGlobals) = postSolution
		SolutionGuid = {AEE23F3D-1952-4909-A8CA-46035FB5CD37}
	EndGlobalSection
EndGlobal
