
Microsoft Visual Studio Solution File, Format Version 12.00
# Visual Studio Version 16
VisualStudioVersion = 16.0.29102.190
MinimumVisualStudioVersion = 10.0.40219.1
Project("{FAE04EC0-301F-11D3-BF4B-00C04F79EFBC}") = "ActivityGen", "eMango\ActivityGen.csproj", "{F53DEF0F-25A2-4C2A-AD3F-740ECF1CE285}"
EndProject
Project("{FAE04EC0-301F-11D3-BF4B-00C04F79EFBC}") = "ClownClubServer", "ClownClubServer\ClownClubServer.csproj", "{865DFDD6-1A32-4D76-8608-7BAC38F3495E}"
EndProject
Project("{FAE04EC0-301F-11D3-BF4B-00C04F79EFBC}") = "SupremeBot", "SupremeBot\SupremeBot.csproj", "{88F24CF4-D7D5-4CDB-9D8B-D4ED35EBF4C6}"
EndProject
Project("{9A19103F-16F7-4668-BE54-9A1E7A4F7556}") = "Common", "Commons\Common.csproj", "{423E3E34-C646-40A0-967A-6D102DF10DDA}"
EndProject
Project("{FAE04EC0-301F-11D3-BF4B-00C04F79EFBC}") = "ClownScript", "ClownScript\ClownScript.csproj", "{5EC8C534-BD04-4D96-BAE7-A7C6D840226F}"
EndProject
Global
	GlobalSection(SolutionConfigurationPlatforms) = preSolution
		Debug|Any CPU = Debug|Any CPU
		Release|Any CPU = Release|Any CPU
	EndGlobalSection
	GlobalSection(ProjectConfigurationPlatforms) = postSolution
		{F53DEF0F-25A2-4C2A-AD3F-740ECF1CE285}.Debug|Any CPU.ActiveCfg = Debug|Any CPU
		{F53DEF0F-25A2-4C2A-AD3F-740ECF1CE285}.Debug|Any CPU.Build.0 = Debug|Any CPU
		{F53DEF0F-25A2-4C2A-AD3F-740ECF1CE285}.Release|Any CPU.ActiveCfg = Release|Any CPU
		{F53DEF0F-25A2-4C2A-AD3F-740ECF1CE285}.Release|Any CPU.Build.0 = Release|Any CPU
		{865DFDD6-1A32-4D76-8608-7BAC38F3495E}.Debug|Any CPU.ActiveCfg = Debug|Any CPU
		{865DFDD6-1A32-4D76-8608-7BAC38F3495E}.Debug|Any CPU.Build.0 = Debug|Any CPU
		{865DFDD6-1A32-4D76-8608-7BAC38F3495E}.Release|Any CPU.ActiveCfg = Release|Any CPU
		{865DFDD6-1A32-4D76-8608-7BAC38F3495E}.Release|Any CPU.Build.0 = Release|Any CPU
		{88F24CF4-D7D5-4CDB-9D8B-D4ED35EBF4C6}.Debug|Any CPU.ActiveCfg = Debug|Any CPU
		{88F24CF4-D7D5-4CDB-9D8B-D4ED35EBF4C6}.Debug|Any CPU.Build.0 = Debug|Any CPU
		{88F24CF4-D7D5-4CDB-9D8B-D4ED35EBF4C6}.Release|Any CPU.ActiveCfg = Release|Any CPU
		{88F24CF4-D7D5-4CDB-9D8B-D4ED35EBF4C6}.Release|Any CPU.Build.0 = Release|Any CPU
		{423E3E34-C646-40A0-967A-6D102DF10DDA}.Debug|Any CPU.ActiveCfg = Debug|Any CPU
		{423E3E34-C646-40A0-967A-6D102DF10DDA}.Debug|Any CPU.Build.0 = Debug|Any CPU
		{423E3E34-C646-40A0-967A-6D102DF10DDA}.Release|Any CPU.ActiveCfg = Release|Any CPU
		{423E3E34-C646-40A0-967A-6D102DF10DDA}.Release|Any CPU.Build.0 = Release|Any CPU
		{5EC8C534-BD04-4D96-BAE7-A7C6D840226F}.Debug|Any CPU.ActiveCfg = Debug|Any CPU
		{5EC8C534-BD04-4D96-BAE7-A7C6D840226F}.Debug|Any CPU.Build.0 = Debug|Any CPU
		{5EC8C534-BD04-4D96-BAE7-A7C6D840226F}.Release|Any CPU.ActiveCfg = Release|Any CPU
		{5EC8C534-BD04-4D96-BAE7-A7C6D840226F}.Release|Any CPU.Build.0 = Release|Any CPU
	EndGlobalSection
	GlobalSection(SolutionProperties) = preSolution
		HideSolutionNode = FALSE
	EndGlobalSection
	GlobalSection(ExtensibilityGlobals) = postSolution
		SolutionGuid = {AEE23F3D-1952-4909-A8CA-46035FB5CD37}
	EndGlobalSection
EndGlobal
